// !$*UTF8*$!
{
	archiveVersion = 1;
	classes = {
	};
	objectVersion = 50;
	objects = {

/* Begin PBXBuildFile section */
		0902A8B35159709630D99A27 /* Pods_CompareImageLib.framework in Frameworks */ = {isa = PBXBuildFile; fileRef = 69A707FF5114CC2CD5AA2D55 /* Pods_CompareImageLib.framework */; };
		4A06ED012267EB700084026F /* TestCameraMenuVC.swift in Sources */ = {isa = PBXBuildFile; fileRef = 4A06ED002267EB700084026F /* TestCameraMenuVC.swift */; };
		4A06ED032267EB7D0084026F /* TestCameraVC.swift in Sources */ = {isa = PBXBuildFile; fileRef = 4A06ED022267EB7D0084026F /* TestCameraVC.swift */; };
		4A4A55072266456C006DF43D /* AppDelegate.swift in Sources */ = {isa = PBXBuildFile; fileRef = 4A4A55062266456C006DF43D /* AppDelegate.swift */; };
		4A4A55092266456C006DF43D /* MainMenuVC.swift in Sources */ = {isa = PBXBuildFile; fileRef = 4A4A55082266456C006DF43D /* MainMenuVC.swift */; };
		4A4A550C2266456C006DF43D /* Main.storyboard in Resources */ = {isa = PBXBuildFile; fileRef = 4A4A550A2266456C006DF43D /* Main.storyboard */; };
		4A4A550E2266456D006DF43D /* Assets.xcassets in Resources */ = {isa = PBXBuildFile; fileRef = 4A4A550D2266456D006DF43D /* Assets.xcassets */; };
		4A4A55112266456D006DF43D /* LaunchScreen.storyboard in Resources */ = {isa = PBXBuildFile; fileRef = 4A4A550F2266456D006DF43D /* LaunchScreen.storyboard */; };
		4A4A5519226646D4006DF43D /* BBMetalImage.framework in Frameworks */ = {isa = PBXBuildFile; fileRef = 4A4A5518226646D4006DF43D /* BBMetalImage.framework */; };
		4A4A551A226646D4006DF43D /* BBMetalImage.framework in Embed Frameworks */ = {isa = PBXBuildFile; fileRef = 4A4A5518226646D4006DF43D /* BBMetalImage.framework */; settings = {ATTRIBUTES = (CodeSignOnCopy, RemoveHeadersOnCopy, ); }; };
		4A4A551D22664CF8006DF43D /* TestImageMenuVC.swift in Sources */ = {isa = PBXBuildFile; fileRef = 4A4A551C22664CF8006DF43D /* TestImageMenuVC.swift */; };
		4A4A551F22664EFD006DF43D /* TestImageVC.swift in Sources */ = {isa = PBXBuildFile; fileRef = 4A4A551E22664EFD006DF43D /* TestImageVC.swift */; };
		4A4A552222665141006DF43D /* test_lookup.png in Resources */ = {isa = PBXBuildFile; fileRef = 4A4A552022665141006DF43D /* test_lookup.png */; };
		4A4A552322665141006DF43D /* sunflower.jpg in Resources */ = {isa = PBXBuildFile; fileRef = 4A4A552122665141006DF43D /* sunflower.jpg */; };
/* End PBXBuildFile section */

/* Begin PBXCopyFilesBuildPhase section */
		4A4A551B226646D4006DF43D /* Embed Frameworks */ = {
			isa = PBXCopyFilesBuildPhase;
			buildActionMask = 2147483647;
			dstPath = "";
			dstSubfolderSpec = 10;
			files = (
				4A4A551A226646D4006DF43D /* BBMetalImage.framework in Embed Frameworks */,
			);
			name = "Embed Frameworks";
			runOnlyForDeploymentPostprocessing = 0;
		};
/* End PBXCopyFilesBuildPhase section */

/* Begin PBXFileReference section */
		1EB78BF069F10E7313221327 /* Pods-CompareImageLib.release.xcconfig */ = {isa = PBXFileReference; includeInIndex = 1; lastKnownFileType = text.xcconfig; name = "Pods-CompareImageLib.release.xcconfig"; path = "Pods/Target Support Files/Pods-CompareImageLib/Pods-CompareImageLib.release.xcconfig"; sourceTree = "<group>"; };
		4A06ED002267EB700084026F /* TestCameraMenuVC.swift */ = {isa = PBXFileReference; lastKnownFileType = sourcecode.swift; path = TestCameraMenuVC.swift; sourceTree = "<group>"; };
		4A06ED022267EB7D0084026F /* TestCameraVC.swift */ = {isa = PBXFileReference; lastKnownFileType = sourcecode.swift; path = TestCameraVC.swift; sourceTree = "<group>"; };
		4A4A55032266456C006DF43D /* CompareImageLib.app */ = {isa = PBXFileReference; explicitFileType = wrapper.application; includeInIndex = 0; path = CompareImageLib.app; sourceTree = BUILT_PRODUCTS_DIR; };
		4A4A55062266456C006DF43D /* AppDelegate.swift */ = {isa = PBXFileReference; lastKnownFileType = sourcecode.swift; path = AppDelegate.swift; sourceTree = "<group>"; };
		4A4A55082266456C006DF43D /* MainMenuVC.swift */ = {isa = PBXFileReference; lastKnownFileType = sourcecode.swift; path = MainMenuVC.swift; sourceTree = "<group>"; };
		4A4A550B2266456C006DF43D /* Base */ = {isa = PBXFileReference; lastKnownFileType = file.storyboard; name = Base; path = Base.lproj/Main.storyboard; sourceTree = "<group>"; };
		4A4A550D2266456D006DF43D /* Assets.xcassets */ = {isa = PBXFileReference; lastKnownFileType = folder.assetcatalog; path = Assets.xcassets; sourceTree = "<group>"; };
		4A4A55102266456D006DF43D /* Base */ = {isa = PBXFileReference; lastKnownFileType = file.storyboard; name = Base; path = Base.lproj/LaunchScreen.storyboard; sourceTree = "<group>"; };
		4A4A55122266456D006DF43D /* Info.plist */ = {isa = PBXFileReference; lastKnownFileType = text.plist.xml; path = Info.plist; sourceTree = "<group>"; };
		4A4A5518226646D4006DF43D /* BBMetalImage.framework */ = {isa = PBXFileReference; explicitFileType = wrapper.framework; path = BBMetalImage.framework; sourceTree = BUILT_PRODUCTS_DIR; };
		4A4A551C22664CF8006DF43D /* TestImageMenuVC.swift */ = {isa = PBXFileReference; lastKnownFileType = sourcecode.swift; path = TestImageMenuVC.swift; sourceTree = "<group>"; };
		4A4A551E22664EFD006DF43D /* TestImageVC.swift */ = {isa = PBXFileReference; lastKnownFileType = sourcecode.swift; path = TestImageVC.swift; sourceTree = "<group>"; };
		4A4A552022665141006DF43D /* test_lookup.png */ = {isa = PBXFileReference; lastKnownFileType = image.png; name = test_lookup.png; path = ../../BBMetalImageDemo/BBMetalImageDemo/test_lookup.png; sourceTree = "<group>"; };
		4A4A552122665141006DF43D /* sunflower.jpg */ = {isa = PBXFileReference; lastKnownFileType = image.jpeg; name = sunflower.jpg; path = ../../BBMetalImageDemo/BBMetalImageDemo/sunflower.jpg; sourceTree = "<group>"; };
		69A707FF5114CC2CD5AA2D55 /* Pods_CompareImageLib.framework */ = {isa = PBXFileReference; explicitFileType = wrapper.framework; includeInIndex = 0; path = Pods_CompareImageLib.framework; sourceTree = BUILT_PRODUCTS_DIR; };
		78717F4194AC686F97E64C14 /* Pods-CompareImageLib.debug.xcconfig */ = {isa = PBXFileReference; includeInIndex = 1; lastKnownFileType = text.xcconfig; name = "Pods-CompareImageLib.debug.xcconfig"; path = "Pods/Target Support Files/Pods-CompareImageLib/Pods-CompareImageLib.debug.xcconfig"; sourceTree = "<group>"; };
/* End PBXFileReference section */

/* Begin PBXFrameworksBuildPhase section */
		4A4A55002266456C006DF43D /* Frameworks */ = {
			isa = PBXFrameworksBuildPhase;
			buildActionMask = 2147483647;
			files = (
				4A4A5519226646D4006DF43D /* BBMetalImage.framework in Frameworks */,
				0902A8B35159709630D99A27 /* Pods_CompareImageLib.framework in Frameworks */,
			);
			runOnlyForDeploymentPostprocessing = 0;
		};
/* End PBXFrameworksBuildPhase section */

/* Begin PBXGroup section */
		1E0EFA43AE92DD77F60D7B78 /* Pods */ = {
			isa = PBXGroup;
			children = (
				78717F4194AC686F97E64C14 /* Pods-CompareImageLib.debug.xcconfig */,
				1EB78BF069F10E7313221327 /* Pods-CompareImageLib.release.xcconfig */,
			);
			name = Pods;
			sourceTree = "<group>";
		};
		367FE7098BCCDFA5F538E77E /* Frameworks */ = {
			isa = PBXGroup;
			children = (
				69A707FF5114CC2CD5AA2D55 /* Pods_CompareImageLib.framework */,
			);
			name = Frameworks;
			sourceTree = "<group>";
		};
		4A4A54FA2266456C006DF43D = {
			isa = PBXGroup;
			children = (
				4A4A5518226646D4006DF43D /* BBMetalImage.framework */,
				4A4A55052266456C006DF43D /* CompareImageLib */,
				4A4A55042266456C006DF43D /* Products */,
				1E0EFA43AE92DD77F60D7B78 /* Pods */,
				367FE7098BCCDFA5F538E77E /* Frameworks */,
			);
			sourceTree = "<group>";
		};
		4A4A55042266456C006DF43D /* Products */ = {
			isa = PBXGroup;
			children = (
				4A4A55032266456C006DF43D /* CompareImageLib.app */,
			);
			name = Products;
			sourceTree = "<group>";
		};
		4A4A55052266456C006DF43D /* CompareImageLib */ = {
			isa = PBXGroup;
			children = (
				4A4A55062266456C006DF43D /* AppDelegate.swift */,
				4A4A55082266456C006DF43D /* MainMenuVC.swift */,
				4A4A551C22664CF8006DF43D /* TestImageMenuVC.swift */,
				4A4A551E22664EFD006DF43D /* TestImageVC.swift */,
				4A06ED002267EB700084026F /* TestCameraMenuVC.swift */,
				4A06ED022267EB7D0084026F /* TestCameraVC.swift */,
				4A4A552122665141006DF43D /* sunflower.jpg */,
				4A4A552022665141006DF43D /* test_lookup.png */,
				4A4A550A2266456C006DF43D /* Main.storyboard */,
				4A4A550D2266456D006DF43D /* Assets.xcassets */,
				4A4A550F2266456D006DF43D /* LaunchScreen.storyboard */,
				4A4A55122266456D006DF43D /* Info.plist */,
			);
			path = CompareImageLib;
			sourceTree = "<group>";
		};
/* End PBXGroup section */

/* Begin PBXNativeTarget section */
		4A4A55022266456C006DF43D /* CompareImageLib */ = {
			isa = PBXNativeTarget;
			buildConfigurationList = 4A4A55152266456D006DF43D /* Build configuration list for PBXNativeTarget "CompareImageLib" */;
			buildPhases = (
				696036434F15812508EFF4E8 /* [CP] Check Pods Manifest.lock */,
				4A4A54FF2266456C006DF43D /* Sources */,
				4A4A55002266456C006DF43D /* Frameworks */,
				4A4A55012266456C006DF43D /* Resources */,
				7A162A647F2113DA1411C8E5 /* [CP] Embed Pods Frameworks */,
				4A4A551B226646D4006DF43D /* Embed Frameworks */,
			);
			buildRules = (
			);
			dependencies = (
			);
			name = CompareImageLib;
			productName = CompareImageLib;
			productReference = 4A4A55032266456C006DF43D /* CompareImageLib.app */;
			productType = "com.apple.product-type.application";
		};
/* End PBXNativeTarget section */

/* Begin PBXProject section */
		4A4A54FB2266456C006DF43D /* Project object */ = {
			isa = PBXProject;
			attributes = {
				LastSwiftUpdateCheck = 1010;
				LastUpgradeCheck = 1010;
				ORGANIZATIONNAME = "Kaibo Lu";
				TargetAttributes = {
					4A4A55022266456C006DF43D = {
						CreatedOnToolsVersion = 10.1;
					};
				};
			};
			buildConfigurationList = 4A4A54FE2266456C006DF43D /* Build configuration list for PBXProject "CompareImageLib" */;
			compatibilityVersion = "Xcode 9.3";
			developmentRegion = en;
			hasScannedForEncodings = 0;
			knownRegions = (
				en,
				Base,
			);
			mainGroup = 4A4A54FA2266456C006DF43D;
			productRefGroup = 4A4A55042266456C006DF43D /* Products */;
			projectDirPath = "";
			projectRoot = "";
			targets = (
				4A4A55022266456C006DF43D /* CompareImageLib */,
			);
		};
/* End PBXProject section */

/* Begin PBXResourcesBuildPhase section */
		4A4A55012266456C006DF43D /* Resources */ = {
			isa = PBXResourcesBuildPhase;
			buildActionMask = 2147483647;
			files = (
				4A4A55112266456D006DF43D /* LaunchScreen.storyboard in Resources */,
				4A4A550E2266456D006DF43D /* Assets.xcassets in Resources */,
				4A4A550C2266456C006DF43D /* Main.storyboard in Resources */,
				4A4A552322665141006DF43D /* sunflower.jpg in Resources */,
				4A4A552222665141006DF43D /* test_lookup.png in Resources */,
			);
			runOnlyForDeploymentPostprocessing = 0;
		};
/* End PBXResourcesBuildPhase section */

/* Begin PBXShellScriptBuildPhase section */
		696036434F15812508EFF4E8 /* [CP] Check Pods Manifest.lock */ = {
			isa = PBXShellScriptBuildPhase;
			buildActionMask = 2147483647;
			files = (
			);
			inputFileListPaths = (
			);
			inputPaths = (
				"${PODS_PODFILE_DIR_PATH}/Podfile.lock",
				"${PODS_ROOT}/Manifest.lock",
			);
			name = "[CP] Check Pods Manifest.lock";
			outputFileListPaths = (
			);
			outputPaths = (
				"$(DERIVED_FILE_DIR)/Pods-CompareImageLib-checkManifestLockResult.txt",
			);
			runOnlyForDeploymentPostprocessing = 0;
			shellPath = /bin/sh;
			shellScript = "diff \"${PODS_PODFILE_DIR_PATH}/Podfile.lock\" \"${PODS_ROOT}/Manifest.lock\" > /dev/null\nif [ $? != 0 ] ; then\n    # print error to STDERR\n    echo \"error: The sandbox is not in sync with the Podfile.lock. Run 'pod install' or update your CocoaPods installation.\" >&2\n    exit 1\nfi\n# This output is used by Xcode 'outputs' to avoid re-running this script phase.\necho \"SUCCESS\" > \"${SCRIPT_OUTPUT_FILE_0}\"\n";
			showEnvVarsInLog = 0;
		};
		7A162A647F2113DA1411C8E5 /* [CP] Embed Pods Frameworks */ = {
			isa = PBXShellScriptBuildPhase;
			buildActionMask = 2147483647;
			files = (
			);
			inputFileListPaths = (
			);
			inputPaths = (
				"${SRCROOT}/Pods/Target Support Files/Pods-CompareImageLib/Pods-CompareImageLib-frameworks.sh",
				"${BUILT_PRODUCTS_DIR}/GPUImage/GPUImage.framework",
			);
			name = "[CP] Embed Pods Frameworks";
			outputFileListPaths = (
			);
			outputPaths = (
				"${TARGET_BUILD_DIR}/${FRAMEWORKS_FOLDER_PATH}/GPUImage.framework",
			);
			runOnlyForDeploymentPostprocessing = 0;
			shellPath = /bin/sh;
			shellScript = "\"${SRCROOT}/Pods/Target Support Files/Pods-CompareImageLib/Pods-CompareImageLib-frameworks.sh\"\n";
			showEnvVarsInLog = 0;
		};
/* End PBXShellScriptBuildPhase section */

/* Begin PBXSourcesBuildPhase section */
		4A4A54FF2266456C006DF43D /* Sources */ = {
			isa = PBXSourcesBuildPhase;
			buildActionMask = 2147483647;
			files = (
				4A4A551F22664EFD006DF43D /* TestImageVC.swift in Sources */,
				4A06ED032267EB7D0084026F /* TestCameraVC.swift in Sources */,
				4A4A551D22664CF8006DF43D /* TestImageMenuVC.swift in Sources */,
				4A4A55092266456C006DF43D /* MainMenuVC.swift in Sources */,
				4A4A55072266456C006DF43D /* AppDelegate.swift in Sources */,
				4A06ED012267EB700084026F /* TestCameraMenuVC.swift in Sources */,
			);
			runOnlyForDeploymentPostprocessing = 0;
		};
/* End PBXSourcesBuildPhase section */

/* Begin PBXVariantGroup section */
		4A4A550A2266456C006DF43D /* Main.storyboard */ = {
			isa = PBXVariantGroup;
			children = (
				4A4A550B2266456C006DF43D /* Base */,
			);
			name = Main.storyboard;
			sourceTree = "<group>";
		};
		4A4A550F2266456D006DF43D /* LaunchScreen.storyboard */ = {
			isa = PBXVariantGroup;
			children = (
				4A4A55102266456D006DF43D /* Base */,
			);
			name = LaunchScreen.storyboard;
			sourceTree = "<group>";
		};
/* End PBXVariantGroup section */

/* Begin XCBuildConfiguration section */
		4A4A55132266456D006DF43D /* Debug */ = {
			isa = XCBuildConfiguration;
			buildSettings = {
				ALWAYS_SEARCH_USER_PATHS = NO;
				CLANG_ANALYZER_NONNULL = YES;
				CLANG_ANALYZER_NUMBER_OBJECT_CONVERSION = YES_AGGRESSIVE;
				CLANG_CXX_LANGUAGE_STANDARD = "gnu++14";
				CLANG_CXX_LIBRARY = "libc++";
				CLANG_ENABLE_MODULES = YES;
				CLANG_ENABLE_OBJC_ARC = YES;
				CLANG_ENABLE_OBJC_WEAK = YES;
				CLANG_WARN_BLOCK_CAPTURE_AUTORELEASING = YES;
				CLANG_WARN_BOOL_CONVERSION = YES;
				CLANG_WARN_COMMA = YES;
				CLANG_WARN_CONSTANT_CONVERSION = YES;
				CLANG_WARN_DEPRECATED_OBJC_IMPLEMENTATIONS = YES;
				CLANG_WARN_DIRECT_OBJC_ISA_USAGE = YES_ERROR;
				CLANG_WARN_DOCUMENTATION_COMMENTS = YES;
				CLANG_WARN_EMPTY_BODY = YES;
				CLANG_WARN_ENUM_CONVERSION = YES;
				CLANG_WARN_INFINITE_RECURSION = YES;
				CLANG_WARN_INT_CONVERSION = YES;
				CLANG_WARN_NON_LITERAL_NULL_CONVERSION = YES;
				CLANG_WARN_OBJC_IMPLICIT_RETAIN_SELF = YES;
				CLANG_WARN_OBJC_LITERAL_CONVERSION = YES;
				CLANG_WARN_OBJC_ROOT_CLASS = YES_ERROR;
				CLANG_WARN_RANGE_LOOP_ANALYSIS = YES;
				CLANG_WARN_STRICT_PROTOTYPES = YES;
				CLANG_WARN_SUSPICIOUS_MOVE = YES;
				CLANG_WARN_UNGUARDED_AVAILABILITY = YES_AGGRESSIVE;
				CLANG_WARN_UNREACHABLE_CODE = YES;
				CLANG_WARN__DUPLICATE_METHOD_MATCH = YES;
				CODE_SIGN_IDENTITY = "iPhone Developer";
				COPY_PHASE_STRIP = NO;
				DEBUG_INFORMATION_FORMAT = dwarf;
				ENABLE_STRICT_OBJC_MSGSEND = YES;
				ENABLE_TESTABILITY = YES;
				GCC_C_LANGUAGE_STANDARD = gnu11;
				GCC_DYNAMIC_NO_PIC = NO;
				GCC_NO_COMMON_BLOCKS = YES;
				GCC_OPTIMIZATION_LEVEL = 0;
				GCC_PREPROCESSOR_DEFINITIONS = (
					"DEBUG=1",
					"$(inherited)",
				);
				GCC_WARN_64_TO_32_BIT_CONVERSION = YES;
				GCC_WARN_ABOUT_RETURN_TYPE = YES_ERROR;
				GCC_WARN_UNDECLARED_SELECTOR = YES;
				GCC_WARN_UNINITIALIZED_AUTOS = YES_AGGRESSIVE;
				GCC_WARN_UNUSED_FUNCTION = YES;
				GCC_WARN_UNUSED_VARIABLE = YES;
				IPHONEOS_DEPLOYMENT_TARGET = 12.1;
				MTL_ENABLE_DEBUG_INFO = INCLUDE_SOURCE;
				MTL_FAST_MATH = YES;
				ONLY_ACTIVE_ARCH = YES;
				SDKROOT = iphoneos;
				SWIFT_ACTIVE_COMPILATION_CONDITIONS = DEBUG;
				SWIFT_OPTIMIZATION_LEVEL = "-Onone";
			};
			name = Debug;
		};
		4A4A55142266456D006DF43D /* Release */ = {
			isa = XCBuildConfiguration;
			buildSettings = {
				ALWAYS_SEARCH_USER_PATHS = NO;
				CLANG_ANALYZER_NONNULL = YES;
				CLANG_ANALYZER_NUMBER_OBJECT_CONVERSION = YES_AGGRESSIVE;
				CLANG_CXX_LANGUAGE_STANDARD = "gnu++14";
				CLANG_CXX_LIBRARY = "libc++";
				CLANG_ENABLE_MODULES = YES;
				CLANG_ENABLE_OBJC_ARC = YES;
				CLANG_ENABLE_OBJC_WEAK = YES;
				CLANG_WARN_BLOCK_CAPTURE_AUTORELEASING = YES;
				CLANG_WARN_BOOL_CONVERSION = YES;
				CLANG_WARN_COMMA = YES;
				CLANG_WARN_CONSTANT_CONVERSION = YES;
				CLANG_WARN_DEPRECATED_OBJC_IMPLEMENTATIONS = YES;
				CLANG_WARN_DIRECT_OBJC_ISA_USAGE = YES_ERROR;
				CLANG_WARN_DOCUMENTATION_COMMENTS = YES;
				CLANG_WARN_EMPTY_BODY = YES;
				CLANG_WARN_ENUM_CONVERSION = YES;
				CLANG_WARN_INFINITE_RECURSION = YES;
				CLANG_WARN_INT_CONVERSION = YES;
				CLANG_WARN_NON_LITERAL_NULL_CONVERSION = YES;
				CLANG_WARN_OBJC_IMPLICIT_RETAIN_SELF = YES;
				CLANG_WARN_OBJC_LITERAL_CONVERSION = YES;
				CLANG_WARN_OBJC_ROOT_CLASS = YES_ERROR;
				CLANG_WARN_RANGE_LOOP_ANALYSIS = YES;
				CLANG_WARN_STRICT_PROTOTYPES = YES;
				CLANG_WARN_SUSPICIOUS_MOVE = YES;
				CLANG_WARN_UNGUARDED_AVAILABILITY = YES_AGGRESSIVE;
				CLANG_WARN_UNREACHABLE_CODE = YES;
				CLANG_WARN__DUPLICATE_METHOD_MATCH = YES;
				CODE_SIGN_IDENTITY = "iPhone Developer";
				COPY_PHASE_STRIP = NO;
				DEBUG_INFORMATION_FORMAT = "dwarf-with-dsym";
				ENABLE_NS_ASSERTIONS = NO;
				ENABLE_STRICT_OBJC_MSGSEND = YES;
				GCC_C_LANGUAGE_STANDARD = gnu11;
				GCC_NO_COMMON_BLOCKS = YES;
				GCC_WARN_64_TO_32_BIT_CONVERSION = YES;
				GCC_WARN_ABOUT_RETURN_TYPE = YES_ERROR;
				GCC_WARN_UNDECLARED_SELECTOR = YES;
				GCC_WARN_UNINITIALIZED_AUTOS = YES_AGGRESSIVE;
				GCC_WARN_UNUSED_FUNCTION = YES;
				GCC_WARN_UNUSED_VARIABLE = YES;
				IPHONEOS_DEPLOYMENT_TARGET = 12.1;
				MTL_ENABLE_DEBUG_INFO = NO;
				MTL_FAST_MATH = YES;
				SDKROOT = iphoneos;
				SWIFT_COMPILATION_MODE = wholemodule;
				SWIFT_OPTIMIZATION_LEVEL = "-O";
				VALIDATE_PRODUCT = YES;
			};
			name = Release;
		};
		4A4A55162266456D006DF43D /* Debug */ = {
			isa = XCBuildConfiguration;
			baseConfigurationReference = 78717F4194AC686F97E64C14 /* Pods-CompareImageLib.debug.xcconfig */;
			buildSettings = {
				ASSETCATALOG_COMPILER_APPICON_NAME = AppIcon;
				CODE_SIGN_STYLE = Automatic;
				DEVELOPMENT_TEAM = 9LJHCTN42A;
				INFOPLIST_FILE = CompareImageLib/Info.plist;
				IPHONEOS_DEPLOYMENT_TARGET = 10.0;
				LD_RUNPATH_SEARCH_PATHS = (
					"$(inherited)",
					"@executable_path/Frameworks",
				);
				PRODUCT_BUNDLE_IDENTIFIER = Kaibo.CompareImageLib;
				PRODUCT_NAME = "$(TARGET_NAME)";
				SWIFT_VERSION = 4.2;
				TARGETED_DEVICE_FAMILY = "1,2";
			};
			name = Debug;
		};
		4A4A55172266456D006DF43D /* Release */ = {
			isa = XCBuildConfiguration;
			baseConfigurationReference = 1EB78BF069F10E7313221327 /* Pods-CompareImageLib.release.xcconfig */;
			buildSettings = {
				ASSETCATALOG_COMPILER_APPICON_NAME = AppIcon;
				CODE_SIGN_STYLE = Automatic;
				DEVELOPMENT_TEAM = 9LJHCTN42A;
				INFOPLIST_FILE = CompareImageLib/Info.plist;
				IPHONEOS_DEPLOYMENT_TARGET = 10.0;
				LD_RUNPATH_SEARCH_PATHS = (
					"$(inherited)",
					"@executable_path/Frameworks",
				);
				PRODUCT_BUNDLE_IDENTIFIER = Kaibo.CompareImageLib;
				PRODUCT_NAME = "$(TARGET_NAME)";
				SWIFT_VERSION = 4.2;
				TARGETED_DEVICE_FAMILY = "1,2";
			};
			name = Release;
		};
/* End XCBuildConfiguration section */

/* Begin XCConfigurationList section */
		4A4A54FE2266456C006DF43D /* Build configuration list for PBXProject "CompareImageLib" */ = {
			isa = XCConfigurationList;
			buildConfigurations = (
				4A4A55132266456D006DF43D /* Debug */,
				4A4A55142266456D006DF43D /* Release */,
			);
			defaultConfigurationIsVisible = 0;
			defaultConfigurationName = Release;
		};
		4A4A55152266456D006DF43D /* Build configuration list for PBXNativeTarget "CompareImageLib" */ = {
			isa = XCConfigurationList;
			buildConfigurations = (
				4A4A55162266456D006DF43D /* Debug */,
				4A4A55172266456D006DF43D /* Release */,
			);
			defaultConfigurationIsVisible = 0;
			defaultConfigurationName = Release;
		};
/* End XCConfigurationList section */
	};
	rootObject = 4A4A54FB2266456C006DF43D /* Project object */;
}
