// !$*UTF8*$!
{
	archiveVersion = 1;
	classes = {
	};
	objectVersion = 50;
	objects = {

/* Begin PBXBuildFile section */
		4A00949F225C53C50089941C /* CameraFilterVC.swift in Sources */ = {isa = PBXBuildFile; fileRef = 4A00949E225C53C50089941C /* CameraFilterVC.swift */; };
		4A084D8D225D9EE30019FB57 /* CameraFilterMenuVC.swift in Sources */ = {isa = PBXBuildFile; fileRef = 4A084D8C225D9EE30019FB57 /* CameraFilterMenuVC.swift */; };
		4A33ECF9270CC4B5005F18A6 /* MultipleCameraFilterVC.swift in Sources */ = {isa = PBXBuildFile; fileRef = 4A33ECF8270CC4B5005F18A6 /* MultipleCameraFilterVC.swift */; };
		4A33ECFB270CCC68005F18A6 /* PiPFilter.swift in Sources */ = {isa = PBXBuildFile; fileRef = 4A33ECFA270CCC68005F18A6 /* PiPFilter.swift */; };
		4A33ECFD270CCF78005F18A6 /* PiPFilter.metal in Sources */ = {isa = PBXBuildFile; fileRef = 4A33ECFC270CCF78005F18A6 /* PiPFilter.metal */; };
		4A3CAE3F228A060900252B70 /* CameraPhotoFilterVC.swift in Sources */ = {isa = PBXBuildFile; fileRef = 4A3CAE3E228A060900252B70 /* CameraPhotoFilterVC.swift */; };
		4A45DFD224D2857900DA963E /* MultipleImageBlendVC.swift in Sources */ = {isa = PBXBuildFile; fileRef = 4A45DFD124D2857900DA963E /* MultipleImageBlendVC.swift */; };
		4A4CADC2225317C20058BEB6 /* AppDelegate.swift in Sources */ = {isa = PBXBuildFile; fileRef = 4A4CADC1225317C20058BEB6 /* AppDelegate.swift */; };
		4A4CADC4225317C20058BEB6 /* MainMenuVC.swift in Sources */ = {isa = PBXBuildFile; fileRef = 4A4CADC3225317C20058BEB6 /* MainMenuVC.swift */; };
		4A4CADC7225317C20058BEB6 /* Main.storyboard in Resources */ = {isa = PBXBuildFile; fileRef = 4A4CADC5225317C20058BEB6 /* Main.storyboard */; };
		4A4CADC9225317C30058BEB6 /* Assets.xcassets in Resources */ = {isa = PBXBuildFile; fileRef = 4A4CADC8225317C30058BEB6 /* Assets.xcassets */; };
		4A4CADCC225317C30058BEB6 /* LaunchScreen.storyboard in Resources */ = {isa = PBXBuildFile; fileRef = 4A4CADCA225317C30058BEB6 /* LaunchScreen.storyboard */; };
		4A4CADD4225318D20058BEB6 /* BBMetalImage.framework in Frameworks */ = {isa = PBXBuildFile; fileRef = 4A4CADD3225318D20058BEB6 /* BBMetalImage.framework */; };
		4A4CADD5225318D20058BEB6 /* BBMetalImage.framework in Embed Frameworks */ = {isa = PBXBuildFile; fileRef = 4A4CADD3225318D20058BEB6 /* BBMetalImage.framework */; settings = {ATTRIBUTES = (CodeSignOnCopy, RemoveHeadersOnCopy, ); }; };
		4A633D682281F33C00138B2A /* VideoFilterVC2.swift in Sources */ = {isa = PBXBuildFile; fileRef = 4A633D672281F33C00138B2A /* VideoFilterVC2.swift */; };
		4A633D6A2281F43300138B2A /* test_video_2.mov in Resources */ = {isa = PBXBuildFile; fileRef = 4A633D692281F43300138B2A /* test_video_2.mov */; };
		4A665CFD22721CAA00DFDF4C /* VideoFilterVC.swift in Sources */ = {isa = PBXBuildFile; fileRef = 4A665CFC22721CAA00DFDF4C /* VideoFilterVC.swift */; };
		4A665CFF2272201300DFDF4C /* test_video.mov in Resources */ = {isa = PBXBuildFile; fileRef = 4A665CFE2272201300DFDF4C /* test_video.mov */; };
		4A9BCB66227A03E000E02C6F /* VideoPlayerVC.swift in Sources */ = {isa = PBXBuildFile; fileRef = 4A9BCB65227A03E000E02C6F /* VideoPlayerVC.swift */; };
		4AA9C56123A1D8EC0054819E /* RecordUIVC.swift in Sources */ = {isa = PBXBuildFile; fileRef = 4AA9C56023A1D8EC0054819E /* RecordUIVC.swift */; };
		4AB9753F270E12BD009BDF3D /* VideoWatermarkVC.swift in Sources */ = {isa = PBXBuildFile; fileRef = 4AB9753E270E12BD009BDF3D /* VideoWatermarkVC.swift */; };
		4AB97541270E14D3009BDF3D /* Swift.png in Resources */ = {isa = PBXBuildFile; fileRef = 4AB97540270E14D3009BDF3D /* Swift.png */; };
		4ABFC321256DAEE700E7FB7E /* CameraVideoBlendVC.swift in Sources */ = {isa = PBXBuildFile; fileRef = 4ABFC320256DAEE700E7FB7E /* CameraVideoBlendVC.swift */; };
		4AC5794D225529B900F7BCAC /* sunflower.jpg in Resources */ = {isa = PBXBuildFile; fileRef = 4AC5794B225529B900F7BCAC /* sunflower.jpg */; };
		4AC5794E225529B900F7BCAC /* test_lookup.png in Resources */ = {isa = PBXBuildFile; fileRef = 4AC5794C225529B900F7BCAC /* test_lookup.png */; };
		4AFA1DC222EA7D8600B4CF24 /* test_video_rotate_right.mov in Resources */ = {isa = PBXBuildFile; fileRef = 4AFA1DC122EA7D8600B4CF24 /* test_video_rotate_right.mov */; };
		4AFA1DC922EA7DBC00B4CF24 /* MultipleVideoBlendVC.swift in Sources */ = {isa = PBXBuildFile; fileRef = 4AFA1DC722EA7DBC00B4CF24 /* MultipleVideoBlendVC.swift */; };
		4AFC464D2253CA08009D37A1 /* StaticImageFilterMenuVC.swift in Sources */ = {isa = PBXBuildFile; fileRef = 4AFC464C2253CA08009D37A1 /* StaticImageFilterMenuVC.swift */; };
		4AFC464F2253CDDC009D37A1 /* StaticImageFilterVC.swift in Sources */ = {isa = PBXBuildFile; fileRef = 4AFC464E2253CDDC009D37A1 /* StaticImageFilterVC.swift */; };
		4AFC46512253D1A6009D37A1 /* multicolour_flowers.jpg in Resources */ = {isa = PBXBuildFile; fileRef = 4AFC46502253D1A6009D37A1 /* multicolour_flowers.jpg */; };
		4AFD9C3A225EA1190000C839 /* FilterType.swift in Sources */ = {isa = PBXBuildFile; fileRef = 4AFD9C39225EA1190000C839 /* FilterType.swift */; };
/* End PBXBuildFile section */

/* Begin PBXCopyFilesBuildPhase section */
		4A4CADD6225318D20058BEB6 /* Embed Frameworks */ = {
			isa = PBXCopyFilesBuildPhase;
			buildActionMask = 2147483647;
			dstPath = "";
			dstSubfolderSpec = 10;
			files = (
				4A4CADD5225318D20058BEB6 /* BBMetalImage.framework in Embed Frameworks */,
			);
			name = "Embed Frameworks";
			runOnlyForDeploymentPostprocessing = 0;
		};
/* End PBXCopyFilesBuildPhase section */

/* Begin PBXFileReference section */
		4A00949E225C53C50089941C /* CameraFilterVC.swift */ = {isa = PBXFileReference; lastKnownFileType = sourcecode.swift; path = CameraFilterVC.swift; sourceTree = "<group>"; };
		4A084D8C225D9EE30019FB57 /* CameraFilterMenuVC.swift */ = {isa = PBXFileReference; lastKnownFileType = sourcecode.swift; path = CameraFilterMenuVC.swift; sourceTree = "<group>"; };
		4A33ECF8270CC4B5005F18A6 /* MultipleCameraFilterVC.swift */ = {isa = PBXFileReference; lastKnownFileType = sourcecode.swift; path = MultipleCameraFilterVC.swift; sourceTree = "<group>"; };
		4A33ECFA270CCC68005F18A6 /* PiPFilter.swift */ = {isa = PBXFileReference; lastKnownFileType = sourcecode.swift; path = PiPFilter.swift; sourceTree = "<group>"; };
		4A33ECFC270CCF78005F18A6 /* PiPFilter.metal */ = {isa = PBXFileReference; lastKnownFileType = sourcecode.metal; path = PiPFilter.metal; sourceTree = "<group>"; };
		4A3CAE3E228A060900252B70 /* CameraPhotoFilterVC.swift */ = {isa = PBXFileReference; lastKnownFileType = sourcecode.swift; path = CameraPhotoFilterVC.swift; sourceTree = "<group>"; };
		4A45DFD124D2857900DA963E /* MultipleImageBlendVC.swift */ = {isa = PBXFileReference; lastKnownFileType = sourcecode.swift; path = MultipleImageBlendVC.swift; sourceTree = "<group>"; };
		4A4CADBE225317C20058BEB6 /* BBMetalImageDemo.app */ = {isa = PBXFileReference; explicitFileType = wrapper.application; includeInIndex = 0; path = BBMetalImageDemo.app; sourceTree = BUILT_PRODUCTS_DIR; };
		4A4CADC1225317C20058BEB6 /* AppDelegate.swift */ = {isa = PBXFileReference; lastKnownFileType = sourcecode.swift; path = AppDelegate.swift; sourceTree = "<group>"; };
		4A4CADC3225317C20058BEB6 /* MainMenuVC.swift */ = {isa = PBXFileReference; lastKnownFileType = sourcecode.swift; path = MainMenuVC.swift; sourceTree = "<group>"; };
		4A4CADC6225317C20058BEB6 /* Base */ = {isa = PBXFileReference; lastKnownFileType = file.storyboard; name = Base; path = Base.lproj/Main.storyboard; sourceTree = "<group>"; };
		4A4CADC8225317C30058BEB6 /* Assets.xcassets */ = {isa = PBXFileReference; lastKnownFileType = folder.assetcatalog; path = Assets.xcassets; sourceTree = "<group>"; };
		4A4CADCB225317C30058BEB6 /* Base */ = {isa = PBXFileReference; lastKnownFileType = file.storyboard; name = Base; path = Base.lproj/LaunchScreen.storyboard; sourceTree = "<group>"; };
		4A4CADCD225317C30058BEB6 /* Info.plist */ = {isa = PBXFileReference; lastKnownFileType = text.plist.xml; path = Info.plist; sourceTree = "<group>"; };
		4A4CADD3225318D20058BEB6 /* BBMetalImage.framework */ = {isa = PBXFileReference; explicitFileType = wrapper.framework; path = BBMetalImage.framework; sourceTree = BUILT_PRODUCTS_DIR; };
		4A633D672281F33C00138B2A /* VideoFilterVC2.swift */ = {isa = PBXFileReference; lastKnownFileType = sourcecode.swift; path = VideoFilterVC2.swift; sourceTree = "<group>"; };
		4A633D692281F43300138B2A /* test_video_2.mov */ = {isa = PBXFileReference; lastKnownFileType = video.quicktime; path = test_video_2.mov; sourceTree = "<group>"; };
		4A665CFC22721CAA00DFDF4C /* VideoFilterVC.swift */ = {isa = PBXFileReference; lastKnownFileType = sourcecode.swift; path = VideoFilterVC.swift; sourceTree = "<group>"; };
		4A665CFE2272201300DFDF4C /* test_video.mov */ = {isa = PBXFileReference; lastKnownFileType = video.quicktime; path = test_video.mov; sourceTree = "<group>"; };
		4A9BCB65227A03E000E02C6F /* VideoPlayerVC.swift */ = {isa = PBXFileReference; lastKnownFileType = sourcecode.swift; path = VideoPlayerVC.swift; sourceTree = "<group>"; };
		4AA9C56023A1D8EC0054819E /* RecordUIVC.swift */ = {isa = PBXFileReference; lastKnownFileType = sourcecode.swift; path = RecordUIVC.swift; sourceTree = "<group>"; };
		4AB9753E270E12BD009BDF3D /* VideoWatermarkVC.swift */ = {isa = PBXFileReference; lastKnownFileType = sourcecode.swift; path = VideoWatermarkVC.swift; sourceTree = "<group>"; };
		4AB97540270E14D3009BDF3D /* Swift.png */ = {isa = PBXFileReference; lastKnownFileType = image.png; path = Swift.png; sourceTree = "<group>"; };
		4ABFC320256DAEE700E7FB7E /* CameraVideoBlendVC.swift */ = {isa = PBXFileReference; lastKnownFileType = sourcecode.swift; path = CameraVideoBlendVC.swift; sourceTree = "<group>"; };
		4AC5794B225529B900F7BCAC /* sunflower.jpg */ = {isa = PBXFileReference; lastKnownFileType = image.jpeg; path = sunflower.jpg; sourceTree = "<group>"; };
		4AC5794C225529B900F7BCAC /* test_lookup.png */ = {isa = PBXFileReference; lastKnownFileType = image.png; path = test_lookup.png; sourceTree = "<group>"; };
		4AFA1DC122EA7D8600B4CF24 /* test_video_rotate_right.mov */ = {isa = PBXFileReference; lastKnownFileType = video.quicktime; path = test_video_rotate_right.mov; sourceTree = "<group>"; };
		4AFA1DC722EA7DBC00B4CF24 /* MultipleVideoBlendVC.swift */ = {isa = PBXFileReference; fileEncoding = 4; lastKnownFileType = sourcecode.swift; path = MultipleVideoBlendVC.swift; sourceTree = "<group>"; };
		4AFC464C2253CA08009D37A1 /* StaticImageFilterMenuVC.swift */ = {isa = PBXFileReference; lastKnownFileType = sourcecode.swift; path = StaticImageFilterMenuVC.swift; sourceTree = "<group>"; };
		4AFC464E2253CDDC009D37A1 /* StaticImageFilterVC.swift */ = {isa = PBXFileReference; lastKnownFileType = sourcecode.swift; path = StaticImageFilterVC.swift; sourceTree = "<group>"; };
		4AFC46502253D1A6009D37A1 /* multicolour_flowers.jpg */ = {isa = PBXFileReference; lastKnownFileType = image.jpeg; path = multicolour_flowers.jpg; sourceTree = "<group>"; };
		4AFD9C39225EA1190000C839 /* FilterType.swift */ = {isa = PBXFileReference; lastKnownFileType = sourcecode.swift; path = FilterType.swift; sourceTree = "<group>"; };
/* End PBXFileReference section */

/* Begin PBXFrameworksBuildPhase section */
		4A4CADBB225317C20058BEB6 /* Frameworks */ = {
			isa = PBXFrameworksBuildPhase;
			buildActionMask = 2147483647;
			files = (
				4A4CADD4225318D20058BEB6 /* BBMetalImage.framework in Frameworks */,
			);
			runOnlyForDeploymentPostprocessing = 0;
		};
/* End PBXFrameworksBuildPhase section */

/* Begin PBXGroup section */
		4A4CADB5225317C20058BEB6 = {
			isa = PBXGroup;
			children = (
				4A4CADD3225318D20058BEB6 /* BBMetalImage.framework */,
				4A4CADC0225317C20058BEB6 /* BBMetalImageDemo */,
				4A4CADBF225317C20058BEB6 /* Products */,
			);
			sourceTree = "<group>";
		};
		4A4CADBF225317C20058BEB6 /* Products */ = {
			isa = PBXGroup;
			children = (
				4A4CADBE225317C20058BEB6 /* BBMetalImageDemo.app */,
			);
			name = Products;
			sourceTree = "<group>";
		};
		4A4CADC0225317C20058BEB6 /* BBMetalImageDemo */ = {
			isa = PBXGroup;
			children = (
				4A4CADC1225317C20058BEB6 /* AppDelegate.swift */,
				4AFD9C39225EA1190000C839 /* FilterType.swift */,
				4A4CADC3225317C20058BEB6 /* MainMenuVC.swift */,
				4AFC464C2253CA08009D37A1 /* StaticImageFilterMenuVC.swift */,
				4AFC464E2253CDDC009D37A1 /* StaticImageFilterVC.swift */,
				4A084D8C225D9EE30019FB57 /* CameraFilterMenuVC.swift */,
				4A00949E225C53C50089941C /* CameraFilterVC.swift */,
				4A3CAE3E228A060900252B70 /* CameraPhotoFilterVC.swift */,
				4A33ECF8270CC4B5005F18A6 /* MultipleCameraFilterVC.swift */,
				4A33ECFA270CCC68005F18A6 /* PiPFilter.swift */,
				4A33ECFC270CCF78005F18A6 /* PiPFilter.metal */,
				4A665CFC22721CAA00DFDF4C /* VideoFilterVC.swift */,
				4A633D672281F33C00138B2A /* VideoFilterVC2.swift */,
				4AB9753E270E12BD009BDF3D /* VideoWatermarkVC.swift */,
				4A9BCB65227A03E000E02C6F /* VideoPlayerVC.swift */,
				4ABFC320256DAEE700E7FB7E /* CameraVideoBlendVC.swift */,
				4A45DFD124D2857900DA963E /* MultipleImageBlendVC.swift */,
				4AFA1DC722EA7DBC00B4CF24 /* MultipleVideoBlendVC.swift */,
				4AA9C56023A1D8EC0054819E /* RecordUIVC.swift */,
				4AC5794B225529B900F7BCAC /* sunflower.jpg */,
				4AB97540270E14D3009BDF3D /* Swift.png */,
				4AC5794C225529B900F7BCAC /* test_lookup.png */,
				4AFC46502253D1A6009D37A1 /* multicolour_flowers.jpg */,
				4A665CFE2272201300DFDF4C /* test_video.mov */,
				4A633D692281F43300138B2A /* test_video_2.mov */,
				4AFA1DC122EA7D8600B4CF24 /* test_video_rotate_right.mov */,
				4A4CADC5225317C20058BEB6 /* Main.storyboard */,
				4A4CADC8225317C30058BEB6 /* Assets.xcassets */,
				4A4CADCA225317C30058BEB6 /* LaunchScreen.storyboard */,
				4A4CADCD225317C30058BEB6 /* Info.plist */,
			);
			path = BBMetalImageDemo;
			sourceTree = "<group>";
		};
/* End PBXGroup section */

/* Begin PBXNativeTarget section */
		4A4CADBD225317C20058BEB6 /* BBMetalImageDemo */ = {
			isa = PBXNativeTarget;
			buildConfigurationList = 4A4CADD0225317C30058BEB6 /* Build configuration list for PBXNativeTarget "BBMetalImageDemo" */;
			buildPhases = (
				4A4CADBA225317C20058BEB6 /* Sources */,
				4A4CADBB225317C20058BEB6 /* Frameworks */,
				4A4CADBC225317C20058BEB6 /* Resources */,
				4A4CADD6225318D20058BEB6 /* Embed Frameworks */,
			);
			buildRules = (
			);
			dependencies = (
			);
			name = BBMetalImageDemo;
			productName = BBMetalImageDemo;
			productReference = 4A4CADBE225317C20058BEB6 /* BBMetalImageDemo.app */;
			productType = "com.apple.product-type.application";
		};
/* End PBXNativeTarget section */

/* Begin PBXProject section */
		4A4CADB6225317C20058BEB6 /* Project object */ = {
			isa = PBXProject;
			attributes = {
				LastSwiftUpdateCheck = 1010;
				LastUpgradeCheck = 1010;
				ORGANIZATIONNAME = "Kaibo Lu";
				TargetAttributes = {
					4A4CADBD225317C20058BEB6 = {
						CreatedOnToolsVersion = 10.1;
					};
				};
			};
			buildConfigurationList = 4A4CADB9225317C20058BEB6 /* Build configuration list for PBXProject "BBMetalImageDemo" */;
			compatibilityVersion = "Xcode 9.3";
			developmentRegion = en;
			hasScannedForEncodings = 0;
			knownRegions = (
				en,
				Base,
			);
			mainGroup = 4A4CADB5225317C20058BEB6;
			productRefGroup = 4A4CADBF225317C20058BEB6 /* Products */;
			projectDirPath = "";
			projectRoot = "";
			targets = (
				4A4CADBD225317C20058BEB6 /* BBMetalImageDemo */,
			);
		};
/* End PBXProject section */

/* Begin PBXResourcesBuildPhase section */
		4A4CADBC225317C20058BEB6 /* Resources */ = {
			isa = PBXResourcesBuildPhase;
			buildActionMask = 2147483647;
			files = (
				4AC5794D225529B900F7BCAC /* sunflower.jpg in Resources */,
				4A4CADCC225317C30058BEB6 /* LaunchScreen.storyboard in Resources */,
				4A4CADC9225317C30058BEB6 /* Assets.xcassets in Resources */,
				4A665CFF2272201300DFDF4C /* test_video.mov in Resources */,
				4AFC46512253D1A6009D37A1 /* multicolour_flowers.jpg in Resources */,
				4AC5794E225529B900F7BCAC /* test_lookup.png in Resources */,
				4A4CADC7225317C20058BEB6 /* Main.storyboard in Resources */,
				4A633D6A2281F43300138B2A /* test_video_2.mov in Resources */,
				4AFA1DC222EA7D8600B4CF24 /* test_video_rotate_right.mov in Resources */,
				4AB97541270E14D3009BDF3D /* Swift.png in Resources */,
			);
			runOnlyForDeploymentPostprocessing = 0;
		};
/* End PBXResourcesBuildPhase section */

/* Begin PBXSourcesBuildPhase section */
		4A4CADBA225317C20058BEB6 /* Sources */ = {
			isa = PBXSourcesBuildPhase;
			buildActionMask = 2147483647;
			files = (
				4AB9753F270E12BD009BDF3D /* VideoWatermarkVC.swift in Sources */,
				4A33ECF9270CC4B5005F18A6 /* MultipleCameraFilterVC.swift in Sources */,
				4AFD9C3A225EA1190000C839 /* FilterType.swift in Sources */,
				4A084D8D225D9EE30019FB57 /* CameraFilterMenuVC.swift in Sources */,
				4AFC464D2253CA08009D37A1 /* StaticImageFilterMenuVC.swift in Sources */,
				4A633D682281F33C00138B2A /* VideoFilterVC2.swift in Sources */,
				4ABFC321256DAEE700E7FB7E /* CameraVideoBlendVC.swift in Sources */,
				4A4CADC4225317C20058BEB6 /* MainMenuVC.swift in Sources */,
				4A665CFD22721CAA00DFDF4C /* VideoFilterVC.swift in Sources */,
				4AA9C56123A1D8EC0054819E /* RecordUIVC.swift in Sources */,
				4A33ECFD270CCF78005F18A6 /* PiPFilter.metal in Sources */,
				4AFC464F2253CDDC009D37A1 /* StaticImageFilterVC.swift in Sources */,
				4A4CADC2225317C20058BEB6 /* AppDelegate.swift in Sources */,
				4A00949F225C53C50089941C /* CameraFilterVC.swift in Sources */,
				4A33ECFB270CCC68005F18A6 /* PiPFilter.swift in Sources */,
				4A45DFD224D2857900DA963E /* MultipleImageBlendVC.swift in Sources */,
				4A3CAE3F228A060900252B70 /* CameraPhotoFilterVC.swift in Sources */,
				4AFA1DC922EA7DBC00B4CF24 /* MultipleVideoBlendVC.swift in Sources */,
				4A9BCB66227A03E000E02C6F /* VideoPlayerVC.swift in Sources */,
			);
			runOnlyForDeploymentPostprocessing = 0;
		};
/* End PBXSourcesBuildPhase section */

/* Begin PBXVariantGroup section */
		4A4CADC5225317C20058BEB6 /* Main.storyboard */ = {
			isa = PBXVariantGroup;
			children = (
				4A4CADC6225317C20058BEB6 /* Base */,
			);
			name = Main.storyboard;
			sourceTree = "<group>";
		};
		4A4CADCA225317C30058BEB6 /* LaunchScreen.storyboard */ = {
			isa = PBXVariantGroup;
			children = (
				4A4CADCB225317C30058BEB6 /* Base */,
			);
			name = LaunchScreen.storyboard;
			sourceTree = "<group>";
		};
/* End PBXVariantGroup section */

/* Begin XCBuildConfiguration section */
		4A4CADCE225317C30058BEB6 /* Debug */ = {
			isa = XCBuildConfiguration;
			buildSettings = {
				ALWAYS_SEARCH_USER_PATHS = NO;
				CLANG_ANALYZER_NONNULL = YES;
				CLANG_ANALYZER_NUMBER_OBJECT_CONVERSION = YES_AGGRESSIVE;
				CLANG_CXX_LANGUAGE_STANDARD = "gnu++14";
				CLANG_CXX_LIBRARY = "libc++";
				CLANG_ENABLE_MODULES = YES;
				CLANG_ENABLE_OBJC_ARC = YES;
				CLANG_ENABLE_OBJC_WEAK = YES;
				CLANG_WARN_BLOCK_CAPTURE_AUTORELEASING = YES;
				CLANG_WARN_BOOL_CONVERSION = YES;
				CLANG_WARN_COMMA = YES;
				CLANG_WARN_CONSTANT_CONVERSION = YES;
				CLANG_WARN_DEPRECATED_OBJC_IMPLEMENTATIONS = YES;
				CLANG_WARN_DIRECT_OBJC_ISA_USAGE = YES_ERROR;
				CLANG_WARN_DOCUMENTATION_COMMENTS = YES;
				CLANG_WARN_EMPTY_BODY = YES;
				CLANG_WARN_ENUM_CONVERSION = YES;
				CLANG_WARN_INFINITE_RECURSION = YES;
				CLANG_WARN_INT_CONVERSION = YES;
				CLANG_WARN_NON_LITERAL_NULL_CONVERSION = YES;
				CLANG_WARN_OBJC_IMPLICIT_RETAIN_SELF = YES;
				CLANG_WARN_OBJC_LITERAL_CONVERSION = YES;
				CLANG_WARN_OBJC_ROOT_CLASS = YES_ERROR;
				CLANG_WARN_RANGE_LOOP_ANALYSIS = YES;
				CLANG_WARN_STRICT_PROTOTYPES = YES;
				CLANG_WARN_SUSPICIOUS_MOVE = YES;
				CLANG_WARN_UNGUARDED_AVAILABILITY = YES_AGGRESSIVE;
				CLANG_WARN_UNREACHABLE_CODE = YES;
				CLANG_WARN__DUPLICATE_METHOD_MATCH = YES;
				CODE_SIGN_IDENTITY = "iPhone Developer";
				COPY_PHASE_STRIP = NO;
				DEBUG_INFORMATION_FORMAT = dwarf;
				ENABLE_STRICT_OBJC_MSGSEND = YES;
				ENABLE_TESTABILITY = YES;
				GCC_C_LANGUAGE_STANDARD = gnu11;
				GCC_DYNAMIC_NO_PIC = NO;
				GCC_NO_COMMON_BLOCKS = YES;
				GCC_OPTIMIZATION_LEVEL = 0;
				GCC_PREPROCESSOR_DEFINITIONS = (
					"DEBUG=1",
					"$(inherited)",
				);
				GCC_WARN_64_TO_32_BIT_CONVERSION = YES;
				GCC_WARN_ABOUT_RETURN_TYPE = YES_ERROR;
				GCC_WARN_UNDECLARED_SELECTOR = YES;
				GCC_WARN_UNINITIALIZED_AUTOS = YES_AGGRESSIVE;
				GCC_WARN_UNUSED_FUNCTION = YES;
				GCC_WARN_UNUSED_VARIABLE = YES;
				IPHONEOS_DEPLOYMENT_TARGET = 12.1;
				MTL_ENABLE_DEBUG_INFO = INCLUDE_SOURCE;
				MTL_FAST_MATH = YES;
				ONLY_ACTIVE_ARCH = YES;
				SDKROOT = iphoneos;
				SWIFT_ACTIVE_COMPILATION_CONDITIONS = DEBUG;
				SWIFT_OPTIMIZATION_LEVEL = "-Onone";
			};
			name = Debug;
		};
		4A4CADCF225317C30058BEB6 /* Release */ = {
			isa = XCBuildConfiguration;
			buildSettings = {
				ALWAYS_SEARCH_USER_PATHS = NO;
				CLANG_ANALYZER_NONNULL = YES;
				CLANG_ANALYZER_NUMBER_OBJECT_CONVERSION = YES_AGGRESSIVE;
				CLANG_CXX_LANGUAGE_STANDARD = "gnu++14";
				CLANG_CXX_LIBRARY = "libc++";
				CLANG_ENABLE_MODULES = YES;
				CLANG_ENABLE_OBJC_ARC = YES;
				CLANG_ENABLE_OBJC_WEAK = YES;
				CLANG_WARN_BLOCK_CAPTURE_AUTORELEASING = YES;
				CLANG_WARN_BOOL_CONVERSION = YES;
				CLANG_WARN_COMMA = YES;
				CLANG_WARN_CONSTANT_CONVERSION = YES;
				CLANG_WARN_DEPRECATED_OBJC_IMPLEMENTATIONS = YES;
				CLANG_WARN_DIRECT_OBJC_ISA_USAGE = YES_ERROR;
				CLANG_WARN_DOCUMENTATION_COMMENTS = YES;
				CLANG_WARN_EMPTY_BODY = YES;
				CLANG_WARN_ENUM_CONVERSION = YES;
				CLANG_WARN_INFINITE_RECURSION = YES;
				CLANG_WARN_INT_CONVERSION = YES;
				CLANG_WARN_NON_LITERAL_NULL_CONVERSION = YES;
				CLANG_WARN_OBJC_IMPLICIT_RETAIN_SELF = YES;
				CLANG_WARN_OBJC_LITERAL_CONVERSION = YES;
				CLANG_WARN_OBJC_ROOT_CLASS = YES_ERROR;
				CLANG_WARN_RANGE_LOOP_ANALYSIS = YES;
				CLANG_WARN_STRICT_PROTOTYPES = YES;
				CLANG_WARN_SUSPICIOUS_MOVE = YES;
				CLANG_WARN_UNGUARDED_AVAILABILITY = YES_AGGRESSIVE;
				CLANG_WARN_UNREACHABLE_CODE = YES;
				CLANG_WARN__DUPLICATE_METHOD_MATCH = YES;
				CODE_SIGN_IDENTITY = "iPhone Developer";
				COPY_PHASE_STRIP = NO;
				DEBUG_INFORMATION_FORMAT = "dwarf-with-dsym";
				ENABLE_NS_ASSERTIONS = NO;
				ENABLE_STRICT_OBJC_MSGSEND = YES;
				GCC_C_LANGUAGE_STANDARD = gnu11;
				GCC_NO_COMMON_BLOCKS = YES;
				GCC_WARN_64_TO_32_BIT_CONVERSION = YES;
				GCC_WARN_ABOUT_RETURN_TYPE = YES_ERROR;
				GCC_WARN_UNDECLARED_SELECTOR = YES;
				GCC_WARN_UNINITIALIZED_AUTOS = YES_AGGRESSIVE;
				GCC_WARN_UNUSED_FUNCTION = YES;
				GCC_WARN_UNUSED_VARIABLE = YES;
				IPHONEOS_DEPLOYMENT_TARGET = 12.1;
				MTL_ENABLE_DEBUG_INFO = NO;
				MTL_FAST_MATH = YES;
				SDKROOT = iphoneos;
				SWIFT_COMPILATION_MODE = wholemodule;
				SWIFT_OPTIMIZATION_LEVEL = "-O";
				VALIDATE_PRODUCT = YES;
			};
			name = Release;
		};
		4A4CADD1225317C30058BEB6 /* Debug */ = {
			isa = XCBuildConfiguration;
			buildSettings = {
				ASSETCATALOG_COMPILER_APPICON_NAME = AppIcon;
				CODE_SIGN_IDENTITY = "iPhone Developer";
				CODE_SIGN_STYLE = Automatic;
				DEVELOPMENT_TEAM = 9LJHCTN42A;
				INFOPLIST_FILE = BBMetalImageDemo/Info.plist;
				LD_RUNPATH_SEARCH_PATHS = (
					"$(inherited)",
					"@executable_path/Frameworks",
				);
				PRODUCT_BUNDLE_IDENTIFIER = Kaibo.BBMetalImageDemo;
				PRODUCT_NAME = "$(TARGET_NAME)";
				PROVISIONING_PROFILE_SPECIFIER = "";
				SWIFT_VERSION = 5.0;
				TARGETED_DEVICE_FAMILY = "1,2";
			};
			name = Debug;
		};
		4A4CADD2225317C30058BEB6 /* Release */ = {
			isa = XCBuildConfiguration;
			buildSettings = {
				ASSETCATALOG_COMPILER_APPICON_NAME = AppIcon;
				CODE_SIGN_IDENTITY = "iPhone Developer";
				CODE_SIGN_STYLE = Automatic;
				DEVELOPMENT_TEAM = 9LJHCTN42A;
				INFOPLIST_FILE = BBMetalImageDemo/Info.plist;
				LD_RUNPATH_SEARCH_PATHS = (
					"$(inherited)",
					"@executable_path/Frameworks",
				);
				PRODUCT_BUNDLE_IDENTIFIER = Kaibo.BBMetalImageDemo;
				PRODUCT_NAME = "$(TARGET_NAME)";
				PROVISIONING_PROFILE_SPECIFIER = "";
				SWIFT_VERSION = 5.0;
				TARGETED_DEVICE_FAMILY = "1,2";
			};
			name = Release;
		};
/* End XCBuildConfiguration section */

/* Begin XCConfigurationList section */
		4A4CADB9225317C20058BEB6 /* Build configuration list for PBXProject "BBMetalImageDemo" */ = {
			isa = XCConfigurationList;
			buildConfigurations = (
				4A4CADCE225317C30058BEB6 /* Debug */,
				4A4CADCF225317C30058BEB6 /* Release */,
			);
			defaultConfigurationIsVisible = 0;
			defaultConfigurationName = Release;
		};
		4A4CADD0225317C30058BEB6 /* Build configuration list for PBXNativeTarget "BBMetalImageDemo" */ = {
			isa = XCConfigurationList;
			buildConfigurations = (
				4A4CADD1225317C30058BEB6 /* Debug */,
				4A4CADD2225317C30058BEB6 /* Release */,
			);
			defaultConfigurationIsVisible = 0;
			defaultConfigurationName = Release;
		};
/* End XCConfigurationList section */
	};
	rootObject = 4A4CADB6225317C20058BEB6 /* Project object */;
}
